// !$*UTF8*$!
{
	archiveVersion = 1;
	classes = {
	};
	objectVersion = 46;
	objects = {

/* Begin PBXBuildFile section */
		03DE43D3A9DC9132A9C0CE25 /* Pods_rensyuyatu.framework in Frameworks */ = {isa = PBXBuildFile; fileRef = 6708671802E0BA5E20F3D2F8 /* Pods_rensyuyatu.framework */; };
		43A760561C8DCB5B00EB8015 /* AppDelegate.swift in Sources */ = {isa = PBXBuildFile; fileRef = 43A760551C8DCB5B00EB8015 /* AppDelegate.swift */; };
		43A760581C8DCB5B00EB8015 /* ViewController.swift in Sources */ = {isa = PBXBuildFile; fileRef = 43A760571C8DCB5B00EB8015 /* ViewController.swift */; };
		43A7605B1C8DCB5B00EB8015 /* Main.storyboard in Resources */ = {isa = PBXBuildFile; fileRef = 43A760591C8DCB5B00EB8015 /* Main.storyboard */; };
		43A7605D1C8DCB5B00EB8015 /* Assets.xcassets in Resources */ = {isa = PBXBuildFile; fileRef = 43A7605C1C8DCB5B00EB8015 /* Assets.xcassets */; };
		43A760601C8DCB5B00EB8015 /* LaunchScreen.storyboard in Resources */ = {isa = PBXBuildFile; fileRef = 43A7605E1C8DCB5B00EB8015 /* LaunchScreen.storyboard */; };
		43A7606B1C8DCB5B00EB8015 /* rensyuyatuTests.swift in Sources */ = {isa = PBXBuildFile; fileRef = 43A7606A1C8DCB5B00EB8015 /* rensyuyatuTests.swift */; };
		43A760761C8DCB5B00EB8015 /* rensyuyatuUITests.swift in Sources */ = {isa = PBXBuildFile; fileRef = 43A760751C8DCB5B00EB8015 /* rensyuyatuUITests.swift */; };
/* End PBXBuildFile section */

/* Begin PBXContainerItemProxy section */
		43A760671C8DCB5B00EB8015 /* PBXContainerItemProxy */ = {
			isa = PBXContainerItemProxy;
			containerPortal = 43A7604A1C8DCB5B00EB8015 /* Project object */;
			proxyType = 1;
			remoteGlobalIDString = 43A760511C8DCB5B00EB8015;
			remoteInfo = rensyuyatu;
		};
		43A760721C8DCB5B00EB8015 /* PBXContainerItemProxy */ = {
			isa = PBXContainerItemProxy;
			containerPortal = 43A7604A1C8DCB5B00EB8015 /* Project object */;
			proxyType = 1;
			remoteGlobalIDString = 43A760511C8DCB5B00EB8015;
			remoteInfo = rensyuyatu;
		};
/* End PBXContainerItemProxy section */

/* Begin PBXFileReference section */
		43A760521C8DCB5B00EB8015 /* rensyuyatu.app */ = {isa = PBXFileReference; explicitFileType = wrapper.application; includeInIndex = 0; path = rensyuyatu.app; sourceTree = BUILT_PRODUCTS_DIR; };
		43A760551C8DCB5B00EB8015 /* AppDelegate.swift */ = {isa = PBXFileReference; lastKnownFileType = sourcecode.swift; path = AppDelegate.swift; sourceTree = "<group>"; };
		43A760571C8DCB5B00EB8015 /* ViewController.swift */ = {isa = PBXFileReference; lastKnownFileType = sourcecode.swift; path = ViewController.swift; sourceTree = "<group>"; };
		43A7605A1C8DCB5B00EB8015 /* Base */ = {isa = PBXFileReference; lastKnownFileType = file.storyboard; name = Base; path = Base.lproj/Main.storyboard; sourceTree = "<group>"; };
		43A7605C1C8DCB5B00EB8015 /* Assets.xcassets */ = {isa = PBXFileReference; lastKnownFileType = folder.assetcatalog; path = Assets.xcassets; sourceTree = "<group>"; };
		43A7605F1C8DCB5B00EB8015 /* Base */ = {isa = PBXFileReference; lastKnownFileType = file.storyboard; name = Base; path = Base.lproj/LaunchScreen.storyboard; sourceTree = "<group>"; };
		43A760611C8DCB5B00EB8015 /* Info.plist */ = {isa = PBXFileReference; lastKnownFileType = text.plist.xml; path = Info.plist; sourceTree = "<group>"; };
		43A760661C8DCB5B00EB8015 /* rensyuyatuTests.xctest */ = {isa = PBXFileReference; explicitFileType = wrapper.cfbundle; includeInIndex = 0; path = rensyuyatuTests.xctest; sourceTree = BUILT_PRODUCTS_DIR; };
		43A7606A1C8DCB5B00EB8015 /* rensyuyatuTests.swift */ = {isa = PBXFileReference; lastKnownFileType = sourcecode.swift; path = rensyuyatuTests.swift; sourceTree = "<group>"; };
		43A7606C1C8DCB5B00EB8015 /* Info.plist */ = {isa = PBXFileReference; lastKnownFileType = text.plist.xml; path = Info.plist; sourceTree = "<group>"; };
		43A760711C8DCB5B00EB8015 /* rensyuyatuUITests.xctest */ = {isa = PBXFileReference; explicitFileType = wrapper.cfbundle; includeInIndex = 0; path = rensyuyatuUITests.xctest; sourceTree = BUILT_PRODUCTS_DIR; };
		43A760751C8DCB5B00EB8015 /* rensyuyatuUITests.swift */ = {isa = PBXFileReference; lastKnownFileType = sourcecode.swift; path = rensyuyatuUITests.swift; sourceTree = "<group>"; };
		43A760771C8DCB5B00EB8015 /* Info.plist */ = {isa = PBXFileReference; lastKnownFileType = text.plist.xml; path = Info.plist; sourceTree = "<group>"; };
		6708671802E0BA5E20F3D2F8 /* Pods_rensyuyatu.framework */ = {isa = PBXFileReference; explicitFileType = wrapper.framework; includeInIndex = 0; path = Pods_rensyuyatu.framework; sourceTree = BUILT_PRODUCTS_DIR; };
		7260DBBEFDE14E4D917C7CAD /* Pods-rensyuyatu.debug.xcconfig */ = {isa = PBXFileReference; includeInIndex = 1; lastKnownFileType = text.xcconfig; name = "Pods-rensyuyatu.debug.xcconfig"; path = "Pods/Target Support Files/Pods-rensyuyatu/Pods-rensyuyatu.debug.xcconfig"; sourceTree = "<group>"; };
		CFD78162DB2D3073A9B0C786 /* Pods-rensyuyatu.release.xcconfig */ = {isa = PBXFileReference; includeInIndex = 1; lastKnownFileType = text.xcconfig; name = "Pods-rensyuyatu.release.xcconfig"; path = "Pods/Target Support Files/Pods-rensyuyatu/Pods-rensyuyatu.release.xcconfig"; sourceTree = "<group>"; };
/* End PBXFileReference section */

/* Begin PBXFrameworksBuildPhase section */
		43A7604F1C8DCB5B00EB8015 /* Frameworks */ = {
			isa = PBXFrameworksBuildPhase;
			buildActionMask = 2147483647;
			files = (
				03DE43D3A9DC9132A9C0CE25 /* Pods_rensyuyatu.framework in Frameworks */,
			);
			runOnlyForDeploymentPostprocessing = 0;
		};
		43A760631C8DCB5B00EB8015 /* Frameworks */ = {
			isa = PBXFrameworksBuildPhase;
			buildActionMask = 2147483647;
			files = (
			);
			runOnlyForDeploymentPostprocessing = 0;
		};
		43A7606E1C8DCB5B00EB8015 /* Frameworks */ = {
			isa = PBXFrameworksBuildPhase;
			buildActionMask = 2147483647;
			files = (
			);
			runOnlyForDeploymentPostprocessing = 0;
		};
/* End PBXFrameworksBuildPhase section */

/* Begin PBXGroup section */
		003B81D45EABFEAA25971D89 /* Frameworks */ = {
			isa = PBXGroup;
			children = (
				6708671802E0BA5E20F3D2F8 /* Pods_rensyuyatu.framework */,
			);
			name = Frameworks;
			sourceTree = "<group>";
		};
		3EFB1EE262A1A83B3F9F8261 /* Pods */ = {
			isa = PBXGroup;
			children = (
				7260DBBEFDE14E4D917C7CAD /* Pods-rensyuyatu.debug.xcconfig */,
				CFD78162DB2D3073A9B0C786 /* Pods-rensyuyatu.release.xcconfig */,
			);
			name = Pods;
			sourceTree = "<group>";
		};
		43A760491C8DCB5B00EB8015 = {
			isa = PBXGroup;
			children = (
				43A760541C8DCB5B00EB8015 /* rensyuyatu */,
				43A760691C8DCB5B00EB8015 /* rensyuyatuTests */,
				43A760741C8DCB5B00EB8015 /* rensyuyatuUITests */,
				43A760531C8DCB5B00EB8015 /* Products */,
				3EFB1EE262A1A83B3F9F8261 /* Pods */,
				003B81D45EABFEAA25971D89 /* Frameworks */,
			);
			sourceTree = "<group>";
		};
		43A760531C8DCB5B00EB8015 /* Products */ = {
			isa = PBXGroup;
			children = (
				43A760521C8DCB5B00EB8015 /* rensyuyatu.app */,
				43A760661C8DCB5B00EB8015 /* rensyuyatuTests.xctest */,
				43A760711C8DCB5B00EB8015 /* rensyuyatuUITests.xctest */,
			);
			name = Products;
			sourceTree = "<group>";
		};
		43A760541C8DCB5B00EB8015 /* rensyuyatu */ = {
			isa = PBXGroup;
			children = (
				43A760551C8DCB5B00EB8015 /* AppDelegate.swift */,
				43A760571C8DCB5B00EB8015 /* ViewController.swift */,
				43A760591C8DCB5B00EB8015 /* Main.storyboard */,
				43A7605C1C8DCB5B00EB8015 /* Assets.xcassets */,
				43A7605E1C8DCB5B00EB8015 /* LaunchScreen.storyboard */,
				43A760611C8DCB5B00EB8015 /* Info.plist */,
			);
			path = rensyuyatu;
			sourceTree = "<group>";
		};
		43A760691C8DCB5B00EB8015 /* rensyuyatuTests */ = {
			isa = PBXGroup;
			children = (
				43A7606A1C8DCB5B00EB8015 /* rensyuyatuTests.swift */,
				43A7606C1C8DCB5B00EB8015 /* Info.plist */,
			);
			path = rensyuyatuTests;
			sourceTree = "<group>";
		};
		43A760741C8DCB5B00EB8015 /* rensyuyatuUITests */ = {
			isa = PBXGroup;
			children = (
				43A760751C8DCB5B00EB8015 /* rensyuyatuUITests.swift */,
				43A760771C8DCB5B00EB8015 /* Info.plist */,
			);
			path = rensyuyatuUITests;
			sourceTree = "<group>";
		};
/* End PBXGroup section */

/* Begin PBXNativeTarget section */
		43A760511C8DCB5B00EB8015 /* rensyuyatu */ = {
			isa = PBXNativeTarget;
			buildConfigurationList = 43A7607A1C8DCB5B00EB8015 /* Build configuration list for PBXNativeTarget "rensyuyatu" */;
			buildPhases = (
				72C38921D4558A6BD8A3F69D /* Check Pods Manifest.lock */,
				43A7604E1C8DCB5B00EB8015 /* Sources */,
				43A7604F1C8DCB5B00EB8015 /* Frameworks */,
				43A760501C8DCB5B00EB8015 /* Resources */,
				E4EA5E0A8D96B5D9C805A8B8 /* Embed Pods Frameworks */,
				E5CD87561B8E82DB8672DB7E /* Copy Pods Resources */,
			);
			buildRules = (
			);
			dependencies = (
			);
			name = rensyuyatu;
			productName = rensyuyatu;
			productReference = 43A760521C8DCB5B00EB8015 /* rensyuyatu.app */;
			productType = "com.apple.product-type.application";
		};
		43A760651C8DCB5B00EB8015 /* rensyuyatuTests */ = {
			isa = PBXNativeTarget;
			buildConfigurationList = 43A7607D1C8DCB5B00EB8015 /* Build configuration list for PBXNativeTarget "rensyuyatuTests" */;
			buildPhases = (
				43A760621C8DCB5B00EB8015 /* Sources */,
				43A760631C8DCB5B00EB8015 /* Frameworks */,
				43A760641C8DCB5B00EB8015 /* Resources */,
			);
			buildRules = (
			);
			dependencies = (
				43A760681C8DCB5B00EB8015 /* PBXTargetDependency */,
			);
			name = rensyuyatuTests;
			productName = rensyuyatuTests;
			productReference = 43A760661C8DCB5B00EB8015 /* rensyuyatuTests.xctest */;
			productType = "com.apple.product-type.bundle.unit-test";
		};
		43A760701C8DCB5B00EB8015 /* rensyuyatuUITests */ = {
			isa = PBXNativeTarget;
			buildConfigurationList = 43A760801C8DCB5B00EB8015 /* Build configuration list for PBXNativeTarget "rensyuyatuUITests" */;
			buildPhases = (
				43A7606D1C8DCB5B00EB8015 /* Sources */,
				43A7606E1C8DCB5B00EB8015 /* Frameworks */,
				43A7606F1C8DCB5B00EB8015 /* Resources */,
			);
			buildRules = (
			);
			dependencies = (
				43A760731C8DCB5B00EB8015 /* PBXTargetDependency */,
			);
			name = rensyuyatuUITests;
			productName = rensyuyatuUITests;
			productReference = 43A760711C8DCB5B00EB8015 /* rensyuyatuUITests.xctest */;
			productType = "com.apple.product-type.bundle.ui-testing";
		};
/* End PBXNativeTarget section */

/* Begin PBXProject section */
		43A7604A1C8DCB5B00EB8015 /* Project object */ = {
			isa = PBXProject;
			attributes = {
				LastSwiftUpdateCheck = 0720;
				LastUpgradeCheck = 0720;
				ORGANIZATIONNAME = ika;
				TargetAttributes = {
					43A760511C8DCB5B00EB8015 = {
						CreatedOnToolsVersion = 7.2.1;
					};
					43A760651C8DCB5B00EB8015 = {
						CreatedOnToolsVersion = 7.2.1;
						TestTargetID = 43A760511C8DCB5B00EB8015;
					};
					43A760701C8DCB5B00EB8015 = {
						CreatedOnToolsVersion = 7.2.1;
						TestTargetID = 43A760511C8DCB5B00EB8015;
					};
				};
			};
			buildConfigurationList = 43A7604D1C8DCB5B00EB8015 /* Build configuration list for PBXProject "rensyuyatu" */;
			compatibilityVersion = "Xcode 3.2";
			developmentRegion = English;
			hasScannedForEncodings = 0;
			knownRegions = (
				en,
				Base,
			);
			mainGroup = 43A760491C8DCB5B00EB8015;
			productRefGroup = 43A760531C8DCB5B00EB8015 /* Products */;
			projectDirPath = "";
			projectRoot = "";
			targets = (
				43A760511C8DCB5B00EB8015 /* rensyuyatu */,
				43A760651C8DCB5B00EB8015 /* rensyuyatuTests */,
				43A760701C8DCB5B00EB8015 /* rensyuyatuUITests */,
			);
		};
/* End PBXProject section */

/* Begin PBXResourcesBuildPhase section */
		43A760501C8DCB5B00EB8015 /* Resources */ = {
			isa = PBXResourcesBuildPhase;
			buildActionMask = 2147483647;
			files = (
				43A760601C8DCB5B00EB8015 /* LaunchScreen.storyboard in Resources */,
				43A7605D1C8DCB5B00EB8015 /* Assets.xcassets in Resources */,
				43A7605B1C8DCB5B00EB8015 /* Main.storyboard in Resources */,
			);
			runOnlyForDeploymentPostprocessing = 0;
		};
		43A760641C8DCB5B00EB8015 /* Resources */ = {
			isa = PBXResourcesBuildPhase;
			buildActionMask = 2147483647;
			files = (
			);
			runOnlyForDeploymentPostprocessing = 0;
		};
		43A7606F1C8DCB5B00EB8015 /* Resources */ = {
			isa = PBXResourcesBuildPhase;
			buildActionMask = 2147483647;
			files = (
			);
			runOnlyForDeploymentPostprocessing = 0;
		};
/* End PBXResourcesBuildPhase section */

/* Begin PBXShellScriptBuildPhase section */
		72C38921D4558A6BD8A3F69D /* Check Pods Manifest.lock */ = {
			isa = PBXShellScriptBuildPhase;
			buildActionMask = 2147483647;
			files = (
			);
			inputPaths = (
			);
			name = "Check Pods Manifest.lock";
			outputPaths = (
			);
			runOnlyForDeploymentPostprocessing = 0;
			shellPath = /bin/sh;
			shellScript = "diff \"${PODS_ROOT}/../Podfile.lock\" \"${PODS_ROOT}/Manifest.lock\" > /dev/null\nif [[ $? != 0 ]] ; then\n    cat << EOM\nerror: The sandbox is not in sync with the Podfile.lock. Run 'pod install' or update your CocoaPods installation.\nEOM\n    exit 1\nfi\n";
			showEnvVarsInLog = 0;
		};
		E4EA5E0A8D96B5D9C805A8B8 /* Embed Pods Frameworks */ = {
			isa = PBXShellScriptBuildPhase;
			buildActionMask = 2147483647;
			files = (
			);
			inputPaths = (
			);
			name = "Embed Pods Frameworks";
			outputPaths = (
			);
			runOnlyForDeploymentPostprocessing = 0;
			shellPath = /bin/sh;
			shellScript = "\"${SRCROOT}/Pods/Target Support Files/Pods-rensyuyatu/Pods-rensyuyatu-frameworks.sh\"\n";
			showEnvVarsInLog = 0;
		};
		E5CD87561B8E82DB8672DB7E /* Copy Pods Resources */ = {
			isa = PBXShellScriptBuildPhase;
			buildActionMask = 2147483647;
			files = (
			);
			inputPaths = (
			);
			name = "Copy Pods Resources";
			outputPaths = (
			);
			runOnlyForDeploymentPostprocessing = 0;
			shellPath = /bin/sh;
			shellScript = "\"${SRCROOT}/Pods/Target Support Files/Pods-rensyuyatu/Pods-rensyuyatu-resources.sh\"\n";
			showEnvVarsInLog = 0;
		};
/* End PBXShellScriptBuildPhase section */

/* Begin PBXSourcesBuildPhase section */
		43A7604E1C8DCB5B00EB8015 /* Sources */ = {
			isa = PBXSourcesBuildPhase;
			buildActionMask = 2147483647;
			files = (
				43A760581C8DCB5B00EB8015 /* ViewController.swift in Sources */,
				43A760561C8DCB5B00EB8015 /* AppDelegate.swift in Sources */,
			);
			runOnlyForDeploymentPostprocessing = 0;
		};
		43A760621C8DCB5B00EB8015 /* Sources */ = {
			isa = PBXSourcesBuildPhase;
			buildActionMask = 2147483647;
			files = (
				43A7606B1C8DCB5B00EB8015 /* rensyuyatuTests.swift in Sources */,
			);
			runOnlyForDeploymentPostprocessing = 0;
		};
		43A7606D1C8DCB5B00EB8015 /* Sources */ = {
			isa = PBXSourcesBuildPhase;
			buildActionMask = 2147483647;
			files = (
				43A760761C8DCB5B00EB8015 /* rensyuyatuUITests.swift in Sources */,
			);
			runOnlyForDeploymentPostprocessing = 0;
		};
/* End PBXSourcesBuildPhase section */

/* Begin PBXTargetDependency section */
		43A760681C8DCB5B00EB8015 /* PBXTargetDependency */ = {
			isa = PBXTargetDependency;
			target = 43A760511C8DCB5B00EB8015 /* rensyuyatu */;
			targetProxy = 43A760671C8DCB5B00EB8015 /* PBXContainerItemProxy */;
		};
		43A760731C8DCB5B00EB8015 /* PBXTargetDependency */ = {
			isa = PBXTargetDependency;
			target = 43A760511C8DCB5B00EB8015 /* rensyuyatu */;
			targetProxy = 43A760721C8DCB5B00EB8015 /* PBXContainerItemProxy */;
		};
/* End PBXTargetDependency section */

/* Begin PBXVariantGroup section */
		43A760591C8DCB5B00EB8015 /* Main.storyboard */ = {
			isa = PBXVariantGroup;
			children = (
				43A7605A1C8DCB5B00EB8015 /* Base */,
			);
			name = Main.storyboard;
			sourceTree = "<group>";
		};
		43A7605E1C8DCB5B00EB8015 /* LaunchScreen.storyboard */ = {
			isa = PBXVariantGroup;
			children = (
				43A7605F1C8DCB5B00EB8015 /* Base */,
			);
			name = LaunchScreen.storyboard;
			sourceTree = "<group>";
		};
/* End PBXVariantGroup section */

/* Begin XCBuildConfiguration section */
		43A760781C8DCB5B00EB8015 /* Debug */ = {
			isa = XCBuildConfiguration;
			buildSettings = {
				ALWAYS_SEARCH_USER_PATHS = NO;
				CLANG_CXX_LANGUAGE_STANDARD = "gnu++0x";
				CLANG_CXX_LIBRARY = "libc++";
				CLANG_ENABLE_MODULES = YES;
				CLANG_ENABLE_OBJC_ARC = YES;
				CLANG_WARN_BOOL_CONVERSION = YES;
				CLANG_WARN_CONSTANT_CONVERSION = YES;
				CLANG_WARN_DIRECT_OBJC_ISA_USAGE = YES_ERROR;
				CLANG_WARN_EMPTY_BODY = YES;
				CLANG_WARN_ENUM_CONVERSION = YES;
				CLANG_WARN_INT_CONVERSION = YES;
				CLANG_WARN_OBJC_ROOT_CLASS = YES_ERROR;
				CLANG_WARN_UNREACHABLE_CODE = YES;
				CLANG_WARN__DUPLICATE_METHOD_MATCH = YES;
				"CODE_SIGN_IDENTITY[sdk=iphoneos*]" = "iPhone Developer";
				COPY_PHASE_STRIP = NO;
				DEBUG_INFORMATION_FORMAT = dwarf;
				ENABLE_STRICT_OBJC_MSGSEND = YES;
				ENABLE_TESTABILITY = YES;
				GCC_C_LANGUAGE_STANDARD = gnu99;
				GCC_DYNAMIC_NO_PIC = NO;
				GCC_NO_COMMON_BLOCKS = YES;
				GCC_OPTIMIZATION_LEVEL = 0;
				GCC_PREPROCESSOR_DEFINITIONS = (
					"DEBUG=1",
					"$(inherited)",
				);
				GCC_WARN_64_TO_32_BIT_CONVERSION = YES;
				GCC_WARN_ABOUT_RETURN_TYPE = YES_ERROR;
				GCC_WARN_UNDECLARED_SELECTOR = YES;
				GCC_WARN_UNINITIALIZED_AUTOS = YES_AGGRESSIVE;
				GCC_WARN_UNUSED_FUNCTION = YES;
				GCC_WARN_UNUSED_VARIABLE = YES;
				IPHONEOS_DEPLOYMENT_TARGET = 9.2;
				MTL_ENABLE_DEBUG_INFO = YES;
				ONLY_ACTIVE_ARCH = YES;
				SDKROOT = iphoneos;
				SWIFT_OPTIMIZATION_LEVEL = "-Onone";
			};
			name = Debug;
		};
		43A760791C8DCB5B00EB8015 /* Release */ = {
			isa = XCBuildConfiguration;
			buildSettings = {
				ALWAYS_SEARCH_USER_PATHS = NO;
				CLANG_CXX_LANGUAGE_STANDARD = "gnu++0x";
				CLANG_CXX_LIBRARY = "libc++";
				CLANG_ENABLE_MODULES = YES;
				CLANG_ENABLE_OBJC_ARC = YES;
				CLANG_WARN_BOOL_CONVERSION = YES;
				CLANG_WARN_CONSTANT_CONVERSION = YES;
				CLANG_WARN_DIRECT_OBJC_ISA_USAGE = YES_ERROR;
				CLANG_WARN_EMPTY_BODY = YES;
				CLANG_WARN_ENUM_CONVERSION = YES;
				CLANG_WARN_INT_CONVERSION = YES;
				CLANG_WARN_OBJC_ROOT_CLASS = YES_ERROR;
				CLANG_WARN_UNREACHABLE_CODE = YES;
				CLANG_WARN__DUPLICATE_METHOD_MATCH = YES;
				"CODE_SIGN_IDENTITY[sdk=iphoneos*]" = "iPhone Developer";
				COPY_PHASE_STRIP = NO;
				DEBUG_INFORMATION_FORMAT = "dwarf-with-dsym";
				ENABLE_NS_ASSERTIONS = NO;
				ENABLE_STRICT_OBJC_MSGSEND = YES;
				GCC_C_LANGUAGE_STANDARD = gnu99;
				GCC_NO_COMMON_BLOCKS = YES;
				GCC_WARN_64_TO_32_BIT_CONVERSION = YES;
				GCC_WARN_ABOUT_RETURN_TYPE = YES_ERROR;
				GCC_WARN_UNDECLARED_SELECTOR = YES;
				GCC_WARN_UNINITIALIZED_AUTOS = YES_AGGRESSIVE;
				GCC_WARN_UNUSED_FUNCTION = YES;
				GCC_WARN_UNUSED_VARIABLE = YES;
				IPHONEOS_DEPLOYMENT_TARGET = 9.2;
				MTL_ENABLE_DEBUG_INFO = NO;
				SDKROOT = iphoneos;
				VALIDATE_PRODUCT = YES;
			};
			name = Release;
		};
		43A7607B1C8DCB5B00EB8015 /* Debug */ = {
			isa = XCBuildConfiguration;
			baseConfigurationReference = 7260DBBEFDE14E4D917C7CAD /* Pods-rensyuyatu.debug.xcconfig */;
			buildSettings = {
				ASSETCATALOG_COMPILER_APPICON_NAME = AppIcon;
				INFOPLIST_FILE = rensyuyatu/Info.plist;
				LD_RUNPATH_SEARCH_PATHS = "$(inherited) @executable_path/Frameworks";
				PRODUCT_BUNDLE_IDENTIFIER = ika.rensyuyatu;
				PRODUCT_NAME = "$(TARGET_NAME)";
			};
			name = Debug;
		};
		43A7607C1C8DCB5B00EB8015 /* Release */ = {
			isa = XCBuildConfiguration;
			baseConfigurationReference = CFD78162DB2D3073A9B0C786 /* Pods-rensyuyatu.release.xcconfig */;
			buildSettings = {
				ASSETCATALOG_COMPILER_APPICON_NAME = AppIcon;
				INFOPLIST_FILE = rensyuyatu/Info.plist;
				LD_RUNPATH_SEARCH_PATHS = "$(inherited) @executable_path/Frameworks";
				PRODUCT_BUNDLE_IDENTIFIER = ika.rensyuyatu;
				PRODUCT_NAME = "$(TARGET_NAME)";
			};
			name = Release;
		};
		43A7607E1C8DCB5B00EB8015 /* Debug */ = {
			isa = XCBuildConfiguration;
			buildSettings = {
				BUNDLE_LOADER = "$(TEST_HOST)";
				INFOPLIST_FILE = rensyuyatuTests/Info.plist;
				LD_RUNPATH_SEARCH_PATHS = "$(inherited) @executable_path/Frameworks @loader_path/Frameworks";
				PRODUCT_BUNDLE_IDENTIFIER = ika.rensyuyatuTests;
				PRODUCT_NAME = "$(TARGET_NAME)";
				TEST_HOST = "$(BUILT_PRODUCTS_DIR)/rensyuyatu.app/rensyuyatu";
			};
			name = Debug;
		};
		43A7607F1C8DCB5B00EB8015 /* Release */ = {
			isa = XCBuildConfiguration;
			buildSettings = {
				BUNDLE_LOADER = "$(TEST_HOST)";
				INFOPLIST_FILE = rensyuyatuTests/Info.plist;
				LD_RUNPATH_SEARCH_PATHS = "$(inherited) @executable_path/Frameworks @loader_path/Frameworks";
				PRODUCT_BUNDLE_IDENTIFIER = ika.rensyuyatuTests;
				PRODUCT_NAME = "$(TARGET_NAME)";
				TEST_HOST = "$(BUILT_PRODUCTS_DIR)/rensyuyatu.app/rensyuyatu";
			};
			name = Release;
		};
		43A760811C8DCB5B00EB8015 /* Debug */ = {
			isa = XCBuildConfiguration;
			buildSettings = {
				INFOPLIST_FILE = rensyuyatuUITests/Info.plist;
				LD_RUNPATH_SEARCH_PATHS = "$(inherited) @executable_path/Frameworks @loader_path/Frameworks";
				PRODUCT_BUNDLE_IDENTIFIER = ika.rensyuyatuUITests;
				PRODUCT_NAME = "$(TARGET_NAME)";
				TEST_TARGET_NAME = rensyuyatu;
				USES_XCTRUNNER = YES;
			};
			name = Debug;
		};
		43A760821C8DCB5B00EB8015 /* Release */ = {
			isa = XCBuildConfiguration;
			buildSettings = {
				INFOPLIST_FILE = rensyuyatuUITests/Info.plist;
				LD_RUNPATH_SEARCH_PATHS = "$(inherited) @executable_path/Frameworks @loader_path/Frameworks";
				PRODUCT_BUNDLE_IDENTIFIER = ika.rensyuyatuUITests;
				PRODUCT_NAME = "$(TARGET_NAME)";
				TEST_TARGET_NAME = rensyuyatu;
				USES_XCTRUNNER = YES;
			};
			name = Release;
		};
/* End XCBuildConfiguration section */

/* Begin XCConfigurationList section */
		43A7604D1C8DCB5B00EB8015 /* Build configuration list for PBXProject "rensyuyatu" */ = {
			isa = XCConfigurationList;
			buildConfigurations = (
				43A760781C8DCB5B00EB8015 /* Debug */,
				43A760791C8DCB5B00EB8015 /* Release */,
			);
			defaultConfigurationIsVisible = 0;
			defaultConfigurationName = Release;
		};
		43A7607A1C8DCB5B00EB8015 /* Build configuration list for PBXNativeTarget "rensyuyatu" */ = {
			isa = XCConfigurationList;
			buildConfigurations = (
				43A7607B1C8DCB5B00EB8015 /* Debug */,
				43A7607C1C8DCB5B00EB8015 /* Release */,
			);
			defaultConfigurationIsVisible = 0;
			defaultConfigurationName = Release;
		};
		43A7607D1C8DCB5B00EB8015 /* Build configuration list for PBXNativeTarget "rensyuyatuTests" */ = {
			isa = XCConfigurationList;
			buildConfigurations = (
				43A7607E1C8DCB5B00EB8015 /* Debug */,
				43A7607F1C8DCB5B00EB8015 /* Release */,
			);
			defaultConfigurationIsVisible = 0;
			defaultConfigurationName = Release;
		};
		43A760801C8DCB5B00EB8015 /* Build configuration list for PBXNativeTarget "rensyuyatuUITests" */ = {
			isa = XCConfigurationList;
			buildConfigurations = (
				43A760811C8DCB5B00EB8015 /* Debug */,
				43A760821C8DCB5B00EB8015 /* Release */,
			);
			defaultConfigurationIsVisible = 0;
			defaultConfigurationName = Release;
		};
/* End XCConfigurationList section */
	};
	rootObject = 43A7604A1C8DCB5B00EB8015 /* Project object */;
}
